
Microsoft Visual Studio Solution File, Format Version 12.00
Project("{FAE04EC0-301F-11D3-BF4B-00C04F79EFBC}") = "MultiValueDictionarySlim", "MultiValueDictionarySlim\MultiValueDictionarySlim.csproj", "{A8F89C64-DFA2-4D87-B5AC-FE4FA09D0C29}"
EndProject
Project("{FAE04EC0-301F-11D3-BF4B-00C04F79EFBC}") = "MultiValueDictionarySlim.Tests", "MultiValueDictionarySlim.Tests\MultiValueDictionarySlim.Tests.csproj", "{95011173-C785-4BB5-91B8-0EDE70F9BE4E}"
EndProject
Global
	GlobalSection(SolutionConfigurationPlatforms) = preSolution
		Debug|Any CPU = Debug|Any CPU
		Release|Any CPU = Release|Any CPU
	EndGlobalSection
	GlobalSection(ProjectConfigurationPlatforms) = postSolution
		{A8F89C64-DFA2-4D87-B5AC-FE4FA09D0C29}.Debug|Any CPU.ActiveCfg = Debug|Any CPU
		{A8F89C64-DFA2-4D87-B5AC-FE4FA09D0C29}.Debug|Any CPU.Build.0 = Debug|Any CPU
		{A8F89C64-DFA2-4D87-B5AC-FE4FA09D0C29}.Release|Any CPU.ActiveCfg = Release|Any CPU
		{A8F89C64-DFA2-4D87-B5AC-FE4FA09D0C29}.Release|Any CPU.Build.0 = Release|Any CPU
		{95011173-C785-4BB5-91B8-0EDE70F9BE4E}.Debug|Any CPU.ActiveCfg = Debug|Any CPU
		{95011173-C785-4BB5-91B8-0EDE70F9BE4E}.Debug|Any CPU.Build.0 = Debug|Any CPU
		{95011173-C785-4BB5-91B8-0EDE70F9BE4E}.Release|Any CPU.ActiveCfg = Release|Any CPU
		{95011173-C785-4BB5-91B8-0EDE70F9BE4E}.Release|Any CPU.Build.0 = Release|Any CPU
	EndGlobalSection
EndGlobal
